{
  "originHash" : "c06624303f150c90875ed84b095d0f18b84cd7205793aad15f716d0891760019",
  "pins" : [
    {
      "identity" : "chat_sdk_swiftpm",
      "kind" : "remoteSourceControl",
      "location" : "https://github.com/Tencent-RTC/Chat_SDK_SwiftPM",
      "state" : {
        "revision" : "b7af8a5ffb915ff7e94ce21d8ab04884c8757f79",
        "version" : "8.5.6864"
      }
    },
    {
      "identity" : "professional_swiftpm",
      "kind" : "remoteSourceControl",
      "location" : "https://github.com/Tencent-RTC/Professional_SwiftPM",
      "state" : {
        "revision" : "3727ae0299594960b1bab1af478d675252d684fe",
        "version" : "12.5.0"
      }
    },
    {
      "identity" : "rtcroomengine_swiftpm",
      "kind" : "remoteSourceControl",
      "location" : "https://github.com/Tencent-RTC/RTCRoomEngine_SwiftPM",
      "state" : {
        "revision" : "bc5624cd4a7379b8365ccd9bfc9b476a7b4ffd25",
        "version" : "3.1.0"
      }
    },
    {
      "identity" : "sdwebimage",
      "kind" : "remoteSourceControl",
      "location" : "https://github.com/SDWebImage/SDWebImage.git",
      "state" : {
        "revision" : "bd93ee4cb4d2c95fddc6328a5f45570afb255894",
        "version" : "5.21.1"
      }
    },
    {
      "identity" : "snapkit",
      "kind" : "remoteSourceControl",
      "location" : "https://github.com/SnapKit/SnapKit.git",
      "state" : {
        "revision" : "2842e6e84e82eb9a8dac0100ca90d9444b0307f4",
        "version" : "5.7.1"
      }
    },
    {
      "identity" : "tuicore_swiftpm",
      "kind" : "remoteSourceControl",
      "location" : "https://github.com/1171663207/TUICore_SwiftPM",
      "state" : {
        "branch" : "main",
        "revision" : "27e2a7885877b6010c5b6567f150e0991ece5982"
      }
    }
  ],
  "version" : 3
}
